
Microsoft Visual Studio Solution File, Format Version 12.00
# Visual Studio Version 17
VisualStudioVersion = 17.7.34024.191
MinimumVisualStudioVersion = 10.0.40219.1
Project("{FAE04EC0-301F-11D3-BF4B-00C04F79EFBC}") = "WPFCalculator", "WPFCalculator\WPFCalculator.csproj", "{9203C178-C766-4C7E-BCF2-7FAA4BE8D543}"
EndProject
Global
	GlobalSection(SolutionConfigurationPlatforms) = preSolution
		Debug|Any CPU = Debug|Any CPU
		Release|Any CPU = Release|Any CPU
	EndGlobalSection
	GlobalSection(ProjectConfigurationPlatforms) = postSolution
		{9203C178-C766-4C7E-BCF2-7FAA4BE8D543}.Debug|Any CPU.ActiveCfg = Debug|Any CPU
		{9203C178-C766-4C7E-BCF2-7FAA4BE8D543}.Debug|Any CPU.Build.0 = Debug|Any CPU
		{9203C178-C766-4C7E-BCF2-7FAA4BE8D543}.Release|Any CPU.ActiveCfg = Release|Any CPU
		{9203C178-C766-4C7E-BCF2-7FAA4BE8D543}.Release|Any CPU.Build.0 = Release|Any CPU
	EndGlobalSection
	GlobalSection(SolutionProperties) = preSolution
		HideSolutionNode = FALSE
	EndGlobalSection
	GlobalSection(ExtensibilityGlobals) = postSolution
		SolutionGuid = {726B1879-4E1A-4893-ABF4-5DEE628CF407}
	EndGlobalSection
EndGlobal
